// !$*UTF8*$!
{
	archiveVersion = 1;
	classes = {
	};
	objectVersion = 77;
	objects = {

/* Begin PBXContainerItemProxy section */
		82CFB94E2CDA96610072B250 /* PBXContainerItemProxy */ = {
			isa = PBXContainerItemProxy;
			containerPortal = 82CFB9352CDA965B0072B250 /* Project object */;
			proxyType = 1;
			remoteGlobalIDString = 82CFB93C2CDA965B0072B250;
			remoteInfo = FRCScoutingApp;
		};
		82CFB9582CDA96610072B250 /* PBXContainerItemProxy */ = {
			isa = PBXContainerItemProxy;
			containerPortal = 82CFB9352CDA965B0072B250 /* Project object */;
			proxyType = 1;
			remoteGlobalIDString = 82CFB93C2CDA965B0072B250;
			remoteInfo = FRCScoutingApp;
		};
/* End PBXContainerItemProxy section */

/* Begin PBXFileReference section */
		82CFB93D2CDA965B0072B250 /* FRCScoutingApp.app */ = {isa = PBXFileReference; explicitFileType = wrapper.application; includeInIndex = 0; path = FRCScoutingApp.app; sourceTree = BUILT_PRODUCTS_DIR; };
		82CFB94D2CDA96610072B250 /* FRCScoutingAppTests.xctest */ = {isa = PBXFileReference; explicitFileType = wrapper.cfbundle; includeInIndex = 0; path = FRCScoutingAppTests.xctest; sourceTree = BUILT_PRODUCTS_DIR; };
		82CFB9572CDA96610072B250 /* FRCScoutingAppUITests.xctest */ = {isa = PBXFileReference; explicitFileType = wrapper.cfbundle; includeInIndex = 0; path = FRCScoutingAppUITests.xctest; sourceTree = BUILT_PRODUCTS_DIR; };
/* End PBXFileReference section */

/* Begin PBXFileSystemSynchronizedRootGroup section */
		82CFB93F2CDA965B0072B250 /* FRCScoutingApp */ = {
			isa = PBXFileSystemSynchronizedRootGroup;
			path = FRCScoutingApp;
			sourceTree = "<group>";
		};
		82CFB9502CDA96610072B250 /* FRCScoutingAppTests */ = {
			isa = PBXFileSystemSynchronizedRootGroup;
			path = FRCScoutingAppTests;
			sourceTree = "<group>";
		};
		82CFB95A2CDA96610072B250 /* FRCScoutingAppUITests */ = {
			isa = PBXFileSystemSynchronizedRootGroup;
			path = FRCScoutingAppUITests;
			sourceTree = "<group>";
		};
/* End PBXFileSystemSynchronizedRootGroup section */

/* Begin PBXFrameworksBuildPhase section */
		82CFB93A2CDA965B0072B250 /* Frameworks */ = {
			isa = PBXFrameworksBuildPhase;
			buildActionMask = 2147483647;
			files = (
			);
			runOnlyForDeploymentPostprocessing = 0;
		};
		82CFB94A2CDA96610072B250 /* Frameworks */ = {
			isa = PBXFrameworksBuildPhase;
			buildActionMask = 2147483647;
			files = (
			);
			runOnlyForDeploymentPostprocessing = 0;
		};
		82CFB9542CDA96610072B250 /* Frameworks */ = {
			isa = PBXFrameworksBuildPhase;
			buildActionMask = 2147483647;
			files = (
			);
			runOnlyForDeploymentPostprocessing = 0;
		};
/* End PBXFrameworksBuildPhase section */

/* Begin PBXGroup section */
		82CFB9342CDA965B0072B250 = {
			isa = PBXGroup;
			children = (
				82CFB93F2CDA965B0072B250 /* FRCScoutingApp */,
				82CFB9502CDA96610072B250 /* FRCScoutingAppTests */,
				82CFB95A2CDA96610072B250 /* FRCScoutingAppUITests */,
				82CFB93E2CDA965B0072B250 /* Products */,
			);
			sourceTree = "<group>";
		};
		82CFB93E2CDA965B0072B250 /* Products */ = {
			isa = PBXGroup;
			children = (
				82CFB93D2CDA965B0072B250 /* FRCScoutingApp.app */,
				82CFB94D2CDA96610072B250 /* FRCScoutingAppTests.xctest */,
				82CFB9572CDA96610072B250 /* FRCScoutingAppUITests.xctest */,
			);
			name = Products;
			sourceTree = "<group>";
		};
/* End PBXGroup section */

/* Begin PBXNativeTarget section */
		82CFB93C2CDA965B0072B250 /* FRCScoutingApp */ = {
			isa = PBXNativeTarget;
			buildConfigurationList = 82CFB9612CDA96610072B250 /* Build configuration list for PBXNativeTarget "FRCScoutingApp" */;
			buildPhases = (
				82CFB9392CDA965B0072B250 /* Sources */,
				82CFB93A2CDA965B0072B250 /* Frameworks */,
				82CFB93B2CDA965B0072B250 /* Resources */,
			);
			buildRules = (
			);
			dependencies = (
			);
			fileSystemSynchronizedGroups = (
				82CFB93F2CDA965B0072B250 /* FRCScoutingApp */,
			);
			name = FRCScoutingApp;
			packageProductDependencies = (
			);
			productName = FRCScoutingApp;
			productReference = 82CFB93D2CDA965B0072B250 /* FRCScoutingApp.app */;
			productType = "com.apple.product-type.application";
		};
		82CFB94C2CDA96610072B250 /* FRCScoutingAppTests */ = {
			isa = PBXNativeTarget;
			buildConfigurationList = 82CFB9642CDA96610072B250 /* Build configuration list for PBXNativeTarget "FRCScoutingAppTests" */;
			buildPhases = (
				82CFB9492CDA96610072B250 /* Sources */,
				82CFB94A2CDA96610072B250 /* Frameworks */,
				82CFB94B2CDA96610072B250 /* Resources */,
			);
			buildRules = (
			);
			dependencies = (
				82CFB94F2CDA96610072B250 /* PBXTargetDependency */,
			);
			fileSystemSynchronizedGroups = (
				82CFB9502CDA96610072B250 /* FRCScoutingAppTests */,
			);
			name = FRCScoutingAppTests;
			packageProductDependencies = (
			);
			productName = FRCScoutingAppTests;
			productReference = 82CFB94D2CDA96610072B250 /* FRCScoutingAppTests.xctest */;
			productType = "com.apple.product-type.bundle.unit-test";
		};
		82CFB9562CDA96610072B250 /* FRCScoutingAppUITests */ = {
			isa = PBXNativeTarget;
			buildConfigurationList = 82CFB9672CDA96610072B250 /* Build configuration list for PBXNativeTarget "FRCScoutingAppUITests" */;
			buildPhases = (
				82CFB9532CDA96610072B250 /* Sources */,
				82CFB9542CDA96610072B250 /* Frameworks */,
				82CFB9552CDA96610072B250 /* Resources */,
			);
			buildRules = (
			);
			dependencies = (
				82CFB9592CDA96610072B250 /* PBXTargetDependency */,
			);
			fileSystemSynchronizedGroups = (
				82CFB95A2CDA96610072B250 /* FRCScoutingAppUITests */,
			);
			name = FRCScoutingAppUITests;
			packageProductDependencies = (
			);
			productName = FRCScoutingAppUITests;
			productReference = 82CFB9572CDA96610072B250 /* FRCScoutingAppUITests.xctest */;
			productType = "com.apple.product-type.bundle.ui-testing";
		};
/* End PBXNativeTarget section */

/* Begin PBXProject section */
		82CFB9352CDA965B0072B250 /* Project object */ = {
			isa = PBXProject;
			attributes = {
				BuildIndependentTargetsInParallel = 1;
				LastSwiftUpdateCheck = 1610;
				LastUpgradeCheck = 1610;
				TargetAttributes = {
					82CFB93C2CDA965B0072B250 = {
						CreatedOnToolsVersion = 16.1;
					};
					82CFB94C2CDA96610072B250 = {
						CreatedOnToolsVersion = 16.1;
						TestTargetID = 82CFB93C2CDA965B0072B250;
					};
					82CFB9562CDA96610072B250 = {
						CreatedOnToolsVersion = 16.1;
						TestTargetID = 82CFB93C2CDA965B0072B250;
					};
				};
			};
			buildConfigurationList = 82CFB9382CDA965B0072B250 /* Build configuration list for PBXProject "FRCScoutingApp" */;
			developmentRegion = en;
			hasScannedForEncodings = 0;
			knownRegions = (
				en,
				Base,
			);
			mainGroup = 82CFB9342CDA965B0072B250;
			minimizedProjectReferenceProxies = 1;
			preferredProjectObjectVersion = 77;
			productRefGroup = 82CFB93E2CDA965B0072B250 /* Products */;
			projectDirPath = "";
			projectRoot = "";
			targets = (
				82CFB93C2CDA965B0072B250 /* FRCScoutingApp */,
				82CFB94C2CDA96610072B250 /* FRCScoutingAppTests */,
				82CFB9562CDA96610072B250 /* FRCScoutingAppUITests */,
			);
		};
/* End PBXProject section */

/* Begin PBXResourcesBuildPhase section */
		82CFB93B2CDA965B0072B250 /* Resources */ = {
			isa = PBXResourcesBuildPhase;
			buildActionMask = 2147483647;
			files = (
			);
			runOnlyForDeploymentPostprocessing = 0;
		};
		82CFB94B2CDA96610072B250 /* Resources */ = {
			isa = PBXResourcesBuildPhase;
			buildActionMask = 2147483647;
			files = (
			);
			runOnlyForDeploymentPostprocessing = 0;
		};
		82CFB9552CDA96610072B250 /* Resources */ = {
			isa = PBXResourcesBuildPhase;
			buildActionMask = 2147483647;
			files = (
			);
			runOnlyForDeploymentPostprocessing = 0;
		};
/* End PBXResourcesBuildPhase section */

/* Begin PBXSourcesBuildPhase section */
		82CFB9392CDA965B0072B250 /* Sources */ = {
			isa = PBXSourcesBuildPhase;
			buildActionMask = 2147483647;
			files = (
			);
			runOnlyForDeploymentPostprocessing = 0;
		};
		82CFB9492CDA96610072B250 /* Sources */ = {
			isa = PBXSourcesBuildPhase;
			buildActionMask = 2147483647;
			files = (
			);
			runOnlyForDeploymentPostprocessing = 0;
		};
		82CFB9532CDA96610072B250 /* Sources */ = {
			isa = PBXSourcesBuildPhase;
			buildActionMask = 2147483647;
			files = (
			);
			runOnlyForDeploymentPostprocessing = 0;
		};
/* End PBXSourcesBuildPhase section */

/* Begin PBXTargetDependency section */
		82CFB94F2CDA96610072B250 /* PBXTargetDependency */ = {
			isa = PBXTargetDependency;
			target = 82CFB93C2CDA965B0072B250 /* FRCScoutingApp */;
			targetProxy = 82CFB94E2CDA96610072B250 /* PBXContainerItemProxy */;
		};
		82CFB9592CDA96610072B250 /* PBXTargetDependency */ = {
			isa = PBXTargetDependency;
			target = 82CFB93C2CDA965B0072B250 /* FRCScoutingApp */;
			targetProxy = 82CFB9582CDA96610072B250 /* PBXContainerItemProxy */;
		};
/* End PBXTargetDependency section */

/* Begin XCBuildConfiguration section */
		82CFB95F2CDA96610072B250 /* Debug */ = {
			isa = XCBuildConfiguration;
			buildSettings = {
				ALWAYS_SEARCH_USER_PATHS = NO;
				ASSETCATALOG_COMPILER_GENERATE_SWIFT_ASSET_SYMBOL_EXTENSIONS = YES;
				CLANG_ANALYZER_NONNULL = YES;
				CLANG_ANALYZER_NUMBER_OBJECT_CONVERSION = YES_AGGRESSIVE;
				CLANG_CXX_LANGUAGE_STANDARD = "gnu++20";
				CLANG_ENABLE_MODULES = YES;
				CLANG_ENABLE_OBJC_ARC = YES;
				CLANG_ENABLE_OBJC_WEAK = YES;
				CLANG_WARN_BLOCK_CAPTURE_AUTORELEASING = YES;
				CLANG_WARN_BOOL_CONVERSION = YES;
				CLANG_WARN_COMMA = YES;
				CLANG_WARN_CONSTANT_CONVERSION = YES;
				CLANG_WARN_DEPRECATED_OBJC_IMPLEMENTATIONS = YES;
				CLANG_WARN_DIRECT_OBJC_ISA_USAGE = YES_ERROR;
				CLANG_WARN_DOCUMENTATION_COMMENTS = YES;
				CLANG_WARN_EMPTY_BODY = YES;
				CLANG_WARN_ENUM_CONVERSION = YES;
				CLANG_WARN_INFINITE_RECURSION = YES;
				CLANG_WARN_INT_CONVERSION = YES;
				CLANG_WARN_NON_LITERAL_NULL_CONVERSION = YES;
				CLANG_WARN_OBJC_IMPLICIT_RETAIN_SELF = YES;
				CLANG_WARN_OBJC_LITERAL_CONVERSION = YES;
				CLANG_WARN_OBJC_ROOT_CLASS = YES_ERROR;
				CLANG_WARN_QUOTED_INCLUDE_IN_FRAMEWORK_HEADER = YES;
				CLANG_WARN_RANGE_LOOP_ANALYSIS = YES;
				CLANG_WARN_STRICT_PROTOTYPES = YES;
				CLANG_WARN_SUSPICIOUS_MOVE = YES;
				CLANG_WARN_UNGUARDED_AVAILABILITY = YES_AGGRESSIVE;
				CLANG_WARN_UNREACHABLE_CODE = YES;
				CLANG_WARN__DUPLICATE_METHOD_MATCH = YES;
				COPY_PHASE_STRIP = NO;
				DEBUG_INFORMATION_FORMAT = dwarf;
				ENABLE_STRICT_OBJC_MSGSEND = YES;
				ENABLE_TESTABILITY = YES;
				ENABLE_USER_SCRIPT_SANDBOXING = YES;
				GCC_C_LANGUAGE_STANDARD = gnu17;
				GCC_DYNAMIC_NO_PIC = NO;
				GCC_NO_COMMON_BLOCKS = YES;
				GCC_OPTIMIZATION_LEVEL = 0;
				GCC_PREPROCESSOR_DEFINITIONS = (
					"DEBUG=1",
					"$(inherited)",
				);
				GCC_WARN_64_TO_32_BIT_CONVERSION = YES;
				GCC_WARN_ABOUT_RETURN_TYPE = YES_ERROR;
				GCC_WARN_UNDECLARED_SELECTOR = YES;
				GCC_WARN_UNINITIALIZED_AUTOS = YES_AGGRESSIVE;
				GCC_WARN_UNUSED_FUNCTION = YES;
				GCC_WARN_UNUSED_VARIABLE = YES;
				IPHONEOS_DEPLOYMENT_TARGET = 18.1;
				LOCALIZATION_PREFERS_STRING_CATALOGS = YES;
				MTL_ENABLE_DEBUG_INFO = INCLUDE_SOURCE;
				MTL_FAST_MATH = YES;
				ONLY_ACTIVE_ARCH = YES;
				SDKROOT = iphoneos;
				SWIFT_ACTIVE_COMPILATION_CONDITIONS = "DEBUG $(inherited)";
				SWIFT_OPTIMIZATION_LEVEL = "-Onone";
			};
			name = Debug;
		};
		82CFB9602CDA96610072B250 /* Release */ = {
			isa = XCBuildConfiguration;
			buildSettings = {
				ALWAYS_SEARCH_USER_PATHS = NO;
				ASSETCATALOG_COMPILER_GENERATE_SWIFT_ASSET_SYMBOL_EXTENSIONS = YES;
				CLANG_ANALYZER_NONNULL = YES;
				CLANG_ANALYZER_NUMBER_OBJECT_CONVERSION = YES_AGGRESSIVE;
				CLANG_CXX_LANGUAGE_STANDARD = "gnu++20";
				CLANG_ENABLE_MODULES = YES;
				CLANG_ENABLE_OBJC_ARC = YES;
				CLANG_ENABLE_OBJC_WEAK = YES;
				CLANG_WARN_BLOCK_CAPTURE_AUTORELEASING = YES;
				CLANG_WARN_BOOL_CONVERSION = YES;
				CLANG_WARN_COMMA = YES;
				CLANG_WARN_CONSTANT_CONVERSION = YES;
				CLANG_WARN_DEPRECATED_OBJC_IMPLEMENTATIONS = YES;
				CLANG_WARN_DIRECT_OBJC_ISA_USAGE = YES_ERROR;
				CLANG_WARN_DOCUMENTATION_COMMENTS = YES;
				CLANG_WARN_EMPTY_BODY = YES;
				CLANG_WARN_ENUM_CONVERSION = YES;
				CLANG_WARN_INFINITE_RECURSION = YES;
				CLANG_WARN_INT_CONVERSION = YES;
				CLANG_WARN_NON_LITERAL_NULL_CONVERSION = YES;
				CLANG_WARN_OBJC_IMPLICIT_RETAIN_SELF = YES;
				CLANG_WARN_OBJC_LITERAL_CONVERSION = YES;
				CLANG_WARN_OBJC_ROOT_CLASS = YES_ERROR;
				CLANG_WARN_QUOTED_INCLUDE_IN_FRAMEWORK_HEADER = YES;
				CLANG_WARN_RANGE_LOOP_ANALYSIS = YES;
				CLANG_WARN_STRICT_PROTOTYPES = YES;
				CLANG_WARN_SUSPICIOUS_MOVE = YES;
				CLANG_WARN_UNGUARDED_AVAILABILITY = YES_AGGRESSIVE;
				CLANG_WARN_UNREACHABLE_CODE = YES;
				CLANG_WARN__DUPLICATE_METHOD_MATCH = YES;
				COPY_PHASE_STRIP = NO;
				DEBUG_INFORMATION_FORMAT = "dwarf-with-dsym";
				ENABLE_NS_ASSERTIONS = NO;
				ENABLE_STRICT_OBJC_MSGSEND = YES;
				ENABLE_USER_SCRIPT_SANDBOXING = YES;
				GCC_C_LANGUAGE_STANDARD = gnu17;
				GCC_NO_COMMON_BLOCKS = YES;
				GCC_WARN_64_TO_32_BIT_CONVERSION = YES;
				GCC_WARN_ABOUT_RETURN_TYPE = YES_ERROR;
				GCC_WARN_UNDECLARED_SELECTOR = YES;
				GCC_WARN_UNINITIALIZED_AUTOS = YES_AGGRESSIVE;
				GCC_WARN_UNUSED_FUNCTION = YES;
				GCC_WARN_UNUSED_VARIABLE = YES;
				IPHONEOS_DEPLOYMENT_TARGET = 18.1;
				LOCALIZATION_PREFERS_STRING_CATALOGS = YES;
				MTL_ENABLE_DEBUG_INFO = NO;
				MTL_FAST_MATH = YES;
				SDKROOT = iphoneos;
				SWIFT_COMPILATION_MODE = wholemodule;
				VALIDATE_PRODUCT = YES;
			};
			name = Release;
		};
		82CFB9622CDA96610072B250 /* Debug */ = {
			isa = XCBuildConfiguration;
			buildSettings = {
				ASSETCATALOG_COMPILER_APPICON_NAME = AppIcon;
				ASSETCATALOG_COMPILER_GLOBAL_ACCENT_COLOR_NAME = AccentColor;
				CODE_SIGN_STYLE = Automatic;
				CURRENT_PROJECT_VERSION = 1;
				DEVELOPMENT_ASSET_PATHS = "\"FRCScoutingApp/Preview Content\"";
				DEVELOPMENT_TEAM = 2VN98TCD4V;
				ENABLE_PREVIEWS = YES;
				GENERATE_INFOPLIST_FILE = YES;
				INFOPLIST_KEY_UIApplicationSceneManifest_Generation = YES;
				INFOPLIST_KEY_UIApplicationSupportsIndirectInputEvents = YES;
				INFOPLIST_KEY_UILaunchScreen_Generation = YES;
				INFOPLIST_KEY_UISupportedInterfaceOrientations_iPad = "UIInterfaceOrientationPortrait UIInterfaceOrientationPortraitUpsideDown UIInterfaceOrientationLandscapeLeft UIInterfaceOrientationLandscapeRight";
				INFOPLIST_KEY_UISupportedInterfaceOrientations_iPhone = "UIInterfaceOrientationPortrait UIInterfaceOrientationLandscapeLeft UIInterfaceOrientationLandscapeRight";
				LD_RUNPATH_SEARCH_PATHS = (
					"$(inherited)",
					"@executable_path/Frameworks",
				);
				MARKETING_VERSION = 1.0;
				PRODUCT_BUNDLE_IDENTIFIER = School.FRCScoutingApp;
				PRODUCT_NAME = "$(TARGET_NAME)";
				SWIFT_EMIT_LOC_STRINGS = YES;
				SWIFT_VERSION = 5.0;
				TARGETED_DEVICE_FAMILY = "1,2";
			};
			name = Debug;
		};
		82CFB9632CDA96610072B250 /* Release */ = {
			isa = XCBuildConfiguration;
			buildSettings = {
				ASSETCATALOG_COMPILER_APPICON_NAME = AppIcon;
				ASSETCATALOG_COMPILER_GLOBAL_ACCENT_COLOR_NAME = AccentColor;
				CODE_SIGN_STYLE = Automatic;
				CURRENT_PROJECT_VERSION = 1;
				DEVELOPMENT_ASSET_PATHS = "\"FRCScoutingApp/Preview Content\"";
				DEVELOPMENT_TEAM = 2VN98TCD4V;
				ENABLE_PREVIEWS = YES;
				GENERATE_INFOPLIST_FILE = YES;
				INFOPLIST_KEY_UIApplicationSceneManifest_Generation = YES;
				INFOPLIST_KEY_UIApplicationSupportsIndirectInputEvents = YES;
				INFOPLIST_KEY_UILaunchScreen_Generation = YES;
				INFOPLIST_KEY_UISupportedInterfaceOrientations_iPad = "UIInterfaceOrientationPortrait UIInterfaceOrientationPortraitUpsideDown UIInterfaceOrientationLandscapeLeft UIInterfaceOrientationLandscapeRight";
				INFOPLIST_KEY_UISupportedInterfaceOrientations_iPhone = "UIInterfaceOrientationPortrait UIInterfaceOrientationLandscapeLeft UIInterfaceOrientationLandscapeRight";
				LD_RUNPATH_SEARCH_PATHS = (
					"$(inherited)",
					"@executable_path/Frameworks",
				);
				MARKETING_VERSION = 1.0;
				PRODUCT_BUNDLE_IDENTIFIER = School.FRCScoutingApp;
				PRODUCT_NAME = "$(TARGET_NAME)";
				SWIFT_EMIT_LOC_STRINGS = YES;
				SWIFT_VERSION = 5.0;
				TARGETED_DEVICE_FAMILY = "1,2";
			};
			name = Release;
		};
		82CFB9652CDA96610072B250 /* Debug */ = {
			isa = XCBuildConfiguration;
			buildSettings = {
				BUNDLE_LOADER = "$(TEST_HOST)";
				CODE_SIGN_STYLE = Automatic;
				CURRENT_PROJECT_VERSION = 1;
				DEVELOPMENT_TEAM = 2VN98TCD4V;
				GENERATE_INFOPLIST_FILE = YES;
				IPHONEOS_DEPLOYMENT_TARGET = 18.1;
				MARKETING_VERSION = 1.0;
				PRODUCT_BUNDLE_IDENTIFIER = School.FRCScoutingAppTests;
				PRODUCT_NAME = "$(TARGET_NAME)";
				SWIFT_EMIT_LOC_STRINGS = NO;
				SWIFT_VERSION = 5.0;
				TARGETED_DEVICE_FAMILY = "1,2";
				TEST_HOST = "$(BUILT_PRODUCTS_DIR)/FRCScoutingApp.app/$(BUNDLE_EXECUTABLE_FOLDER_PATH)/FRCScoutingApp";
			};
			name = Debug;
		};
		82CFB9662CDA96610072B250 /* Release */ = {
			isa = XCBuildConfiguration;
			buildSettings = {
				BUNDLE_LOADER = "$(TEST_HOST)";
				CODE_SIGN_STYLE = Automatic;
				CURRENT_PROJECT_VERSION = 1;
				DEVELOPMENT_TEAM = 2VN98TCD4V;
				GENERATE_INFOPLIST_FILE = YES;
				IPHONEOS_DEPLOYMENT_TARGET = 18.1;
				MARKETING_VERSION = 1.0;
				PRODUCT_BUNDLE_IDENTIFIER = School.FRCScoutingAppTests;
				PRODUCT_NAME = "$(TARGET_NAME)";
				SWIFT_EMIT_LOC_STRINGS = NO;
				SWIFT_VERSION = 5.0;
				TARGETED_DEVICE_FAMILY = "1,2";
				TEST_HOST = "$(BUILT_PRODUCTS_DIR)/FRCScoutingApp.app/$(BUNDLE_EXECUTABLE_FOLDER_PATH)/FRCScoutingApp";
			};
			name = Release;
		};
		82CFB9682CDA96610072B250 /* Debug */ = {
			isa = XCBuildConfiguration;
			buildSettings = {
				CODE_SIGN_STYLE = Automatic;
				CURRENT_PROJECT_VERSION = 1;
				DEVELOPMENT_TEAM = 2VN98TCD4V;
				GENERATE_INFOPLIST_FILE = YES;
				MARKETING_VERSION = 1.0;
				PRODUCT_BUNDLE_IDENTIFIER = School.FRCScoutingAppUITests;
				PRODUCT_NAME = "$(TARGET_NAME)";
				SWIFT_EMIT_LOC_STRINGS = NO;
				SWIFT_VERSION = 5.0;
				TARGETED_DEVICE_FAMILY = "1,2";
				TEST_TARGET_NAME = FRCScoutingApp;
			};
			name = Debug;
		};
		82CFB9692CDA96610072B250 /* Release */ = {
			isa = XCBuildConfiguration;
			buildSettings = {
				CODE_SIGN_STYLE = Automatic;
				CURRENT_PROJECT_VERSION = 1;
				DEVELOPMENT_TEAM = 2VN98TCD4V;
				GENERATE_INFOPLIST_FILE = YES;
				MARKETING_VERSION = 1.0;
				PRODUCT_BUNDLE_IDENTIFIER = School.FRCScoutingAppUITests;
				PRODUCT_NAME = "$(TARGET_NAME)";
				SWIFT_EMIT_LOC_STRINGS = NO;
				SWIFT_VERSION = 5.0;
				TARGETED_DEVICE_FAMILY = "1,2";
				TEST_TARGET_NAME = FRCScoutingApp;
			};
			name = Release;
		};
/* End XCBuildConfiguration section */

/* Begin XCConfigurationList section */
		82CFB9382CDA965B0072B250 /* Build configuration list for PBXProject "FRCScoutingApp" */ = {
			isa = XCConfigurationList;
			buildConfigurations = (
				82CFB95F2CDA96610072B250 /* Debug */,
				82CFB9602CDA96610072B250 /* Release */,
			);
			defaultConfigurationIsVisible = 0;
			defaultConfigurationName = Release;
		};
		82CFB9612CDA96610072B250 /* Build configuration list for PBXNativeTarget "FRCScoutingApp" */ = {
			isa = XCConfigurationList;
			buildConfigurations = (
				82CFB9622CDA96610072B250 /* Debug */,
				82CFB9632CDA96610072B250 /* Release */,
			);
			defaultConfigurationIsVisible = 0;
			defaultConfigurationName = Release;
		};
		82CFB9642CDA96610072B250 /* Build configuration list for PBXNativeTarget "FRCScoutingAppTests" */ = {
			isa = XCConfigurationList;
			buildConfigurations = (
				82CFB9652CDA96610072B250 /* Debug */,
				82CFB9662CDA96610072B250 /* Release */,
			);
			defaultConfigurationIsVisible = 0;
			defaultConfigurationName = Release;
		};
		82CFB9672CDA96610072B250 /* Build configuration list for PBXNativeTarget "FRCScoutingAppUITests" */ = {
			isa = XCConfigurationList;
			buildConfigurations = (
				82CFB9682CDA96610072B250 /* Debug */,
				82CFB9692CDA96610072B250 /* Release */,
			);
			defaultConfigurationIsVisible = 0;
			defaultConfigurationName = Release;
		};
/* End XCConfigurationList section */
	};
	rootObject = 82CFB9352CDA965B0072B250 /* Project object */;
}
